lockfileVersion: 5.4

importers:

  examples:
    specifiers:
      '@vitejs/plugin-vue': ^2.3.0
      typescript: ^4.5.4
      vite: 2.8.3
      vite-plugin-windicss: ^1.8.4
      vue: 3.2.21
      vue-router: ^4.0.13
      vue-tsc: 0.29.3
      windicss: ^3.5.2
    devDependencies:
      '@vitejs/plugin-vue': 2.3.3_vite@2.8.3+vue@3.2.21
      typescript: 4.6.3
      vite: 2.8.3
      vite-plugin-windicss: 1.8.4_vite@2.8.3
      vue: 3.2.21
      vue-router: 4.0.13_vue@3.2.21
      vue-tsc: 0.29.3_typescript@4.6.3
      windicss: 3.5.2

packages:

  /@antfu/utils/0.5.1:
    resolution: {integrity: sha512-8Afo0+xvYe1K8Wm4xHTymfTkpzy36aaqDvhXIayUwl+mecMG9Xzl3XjXa6swG6Bk8FBeQ646RyvmsYt6+2Be9g==}
    dev: true

  /@babel/helper-validator-identifier/7.16.7:
    resolution: {integrity: sha512-hsEnFemeiW4D08A5gUAZxLBTXpZ39P+a+DGDsHw1yxqyQ/jzFEnxf5uTEGp+3bzAbNOxU1paTgYS4ECU/IgfDw==}
    engines: {node: '>=6.9.0'}
    dev: true

  /@babel/parser/7.17.10:
    resolution: {integrity: sha512-n2Q6i+fnJqzOaq2VkdXxy2TCPCWQZHiCo0XqmrCvDWcZQKRyZzYi4Z0yxlBuN0w+r2ZHmre+Q087DSrw3pbJDQ==}
    engines: {node: '>=6.0.0'}
    hasBin: true
    dependencies:
      '@babel/types': 7.17.10
    dev: true

  /@babel/types/7.17.10:
    resolution: {integrity: sha512-9O26jG0mBYfGkUYCYZRnBwbVLd1UZOICEr2Em6InB6jVfsAv1GKgwXHmrSg+WFWDmeKTA6vyTZiN8tCSM5Oo3A==}
    engines: {node: '>=6.9.0'}
    dependencies:
      '@babel/helper-validator-identifier': 7.16.7
      to-fast-properties: 2.0.0
    dev: true

  /@emmetio/abbreviation/2.2.3:
    resolution: {integrity: sha512-87pltuCPt99aL+y9xS6GPZ+Wmmyhll2WXH73gG/xpGcQ84DRnptBsI2r0BeIQ0EB/SQTOe2ANPqFqj3Rj5FOGA==}
    dependencies:
      '@emmetio/scanner': 1.0.0
    dev: true

  /@emmetio/css-abbreviation/2.1.4:
    resolution: {integrity: sha512-qk9L60Y+uRtM5CPbB0y+QNl/1XKE09mSO+AhhSauIfr2YOx/ta3NJw2d8RtCFxgzHeRqFRr8jgyzThbu+MZ4Uw==}
    dependencies:
      '@emmetio/scanner': 1.0.0
    dev: true

  /@emmetio/scanner/1.0.0:
    resolution: {integrity: sha512-8HqW8EVqjnCmWXVpqAOZf+EGESdkR27odcMMMGefgKXtar00SoYNSryGv//TELI4T3QFsECo78p+0lmalk/CFA==}
    dev: true

  /@nodelib/fs.scandir/2.1.5:
    resolution: {integrity: sha512-vq24Bq3ym5HEQm2NKCr3yXDwjc7vTsEThRDnkp2DK9p1uqLR+DHurm/NOTo0KG7HYHU7eppKZj3MyqYuMBf62g==}
    engines: {node: '>= 8'}
    dependencies:
      '@nodelib/fs.stat': 2.0.5
      run-parallel: 1.2.0
    dev: true

  /@nodelib/fs.stat/2.0.5:
    resolution: {integrity: sha512-RkhPPp2zrqDAQA/2jNhnztcPAlv64XdhIp7a7454A5ovI7Bukxgt7MX7udwAu3zg1DcpPU0rz3VV1SeaqvY4+A==}
    engines: {node: '>= 8'}
    dev: true

  /@nodelib/fs.walk/1.2.8:
    resolution: {integrity: sha512-oGB+UxlgWcgQkgwo8GcEGwemoTFt3FIO9ababBmaGwXIoBKZ+GTy0pP185beGg7Llih/NSHSV2XAs1lnznocSg==}
    engines: {node: '>= 8'}
    dependencies:
      '@nodelib/fs.scandir': 2.1.5
      fastq: 1.13.0
    dev: true

  /@vitejs/plugin-vue/2.3.3_vite@2.8.3+vue@3.2.21:
    resolution: {integrity: sha512-SmQLDyhz+6lGJhPELsBdzXGc+AcaT8stgkbiTFGpXPe8Tl1tJaBw1A6pxDqDuRsVkD8uscrkx3hA7QDOoKYtyw==}
    engines: {node: '>=12.0.0'}
    peerDependencies:
      vite: ^2.5.10
      vue: ^3.2.25
    dependencies:
      vite: 2.8.3
      vue: 3.2.21
    dev: true

  /@volar/code-gen/0.29.3:
    resolution: {integrity: sha512-qKpmk5E4+yppI3hqXfjUwatRStO5lmv7jBXQ5OutQwr9ZSEivPKDHTlfdhJxjJ2nd+buk/FDTzhFQFPbApTQAg==}
    dependencies:
      '@volar/shared': 0.29.3
      '@volar/source-map': 0.29.3
    dev: true

  /@volar/html2pug/0.29.3:
    resolution: {integrity: sha512-6PdonV53ln0xkqUJUxgQ7H//OHK/2lRKiwR+y14hJNmwVQmJo40Uj3Irlqdhiw5+Qq6E02OlxD3Xg+77gFSBDw==}
    deprecated: 'WARNING: This project has been renamed to @johnsoncodehk/html2pug. Install using @johnsoncodehk/html2pug instead.'
    dependencies:
      domelementtype: 2.3.0
      domhandler: 4.3.1
      htmlparser2: 7.2.0
      pug: 3.0.2
    dev: true

  /@volar/shared/0.29.3:
    resolution: {integrity: sha512-K4KXHD9me278reBZE65Wqma5ps4U+5puh0nJ20AcAlMX4ItU6CAfP4Tes87kBPPFjTQVHS2V+idE4h6VpaJdMw==}
    dependencies:
      upath: 2.0.1
      vscode-jsonrpc: 8.0.0-next.8
      vscode-uri: 3.0.3
    dev: true

  /@volar/source-map/0.29.3:
    resolution: {integrity: sha512-m0eFr4kM/XEEkANTxDiJmY9Bt/RNeQkMfEhsxBPyIx5fSKs1fLrm+HkkdgdD6fhcXYkIqPXYPWu/2FvpOFxW0g==}
    dependencies:
      '@volar/shared': 0.29.3
    dev: true

  /@volar/transforms/0.29.3:
    resolution: {integrity: sha512-8VEGzDV1/1iC4SRBkGpKm7iMv1/AcWy0PFcre6QW3Jl0ttId2RX9Y017s/LvL1c3tGq0gxa3Sw6tvmMLw301+Q==}
    dependencies:
      '@volar/shared': 0.29.3
      vscode-languageserver: 8.0.0-next.14
    dev: true

  /@volar/vue-code-gen/0.29.3:
    resolution: {integrity: sha512-pQ+i+7JU90vpQqlQaj1H2wo5oAGQLu7cbTLBtOXfL/ea+UE2Oqb07pFdhDqBnMv6uo0HrDr5bbWVfDYa1Xntnw==}
    dependencies:
      '@volar/code-gen': 0.29.3
      '@volar/shared': 0.29.3
      '@volar/source-map': 0.29.3
      '@vue/compiler-core': 3.2.33
      '@vue/compiler-dom': 3.2.33
      '@vue/shared': 3.2.33
      upath: 2.0.1
    dev: true

  /@vscode/emmet-helper/2.8.4:
    resolution: {integrity: sha512-lUki5QLS47bz/U8IlG9VQ+1lfxMtxMZENmU5nu4Z71eOD5j9FK0SmYGL5NiVJg9WBWeAU0VxRADMY2Qpq7BfVg==}
    dependencies:
      emmet: 2.3.6
      jsonc-parser: 2.3.1
      vscode-languageserver-textdocument: 1.0.4
      vscode-languageserver-types: 3.16.0
      vscode-nls: 5.0.1
      vscode-uri: 2.1.2
    dev: true

  /@vue/compiler-core/3.2.21:
    resolution: {integrity: sha512-NhhiQZNG71KNq1h5pMW/fAXdTF7lJRaSI7LDm2edhHXVz1ROMICo8SreUmQnSf4Fet0UPBVqJ988eF4+936iDQ==}
    dependencies:
      '@babel/parser': 7.17.10
      '@vue/shared': 3.2.21
      estree-walker: 2.0.2
      source-map: 0.6.1
    dev: true

  /@vue/compiler-core/3.2.33:
    resolution: {integrity: sha512-AAmr52ji3Zhk7IKIuigX2osWWsb2nQE5xsdFYjdnmtQ4gymmqXbjLvkSE174+fF3A3kstYrTgGkqgOEbsdLDpw==}
    dependencies:
      '@babel/parser': 7.17.10
      '@vue/shared': 3.2.33
      estree-walker: 2.0.2
      source-map: 0.6.1
    dev: true

  /@vue/compiler-dom/3.2.21:
    resolution: {integrity: sha512-gsJD3DpYZSYquiA7UIPsMDSlAooYWDvHPq9VRsqzJEk2PZtFvLvHPb4aaMD8Ufd62xzYn32cnnkzsEOJhyGilA==}
    dependencies:
      '@vue/compiler-core': 3.2.21
      '@vue/shared': 3.2.21
    dev: true

  /@vue/compiler-dom/3.2.33:
    resolution: {integrity: sha512-GhiG1C8X98Xz9QUX/RlA6/kgPBWJkjq0Rq6//5XTAGSYrTMBgcLpP9+CnlUg1TFxnnCVughAG+KZl28XJqw8uQ==}
    dependencies:
      '@vue/compiler-core': 3.2.33
      '@vue/shared': 3.2.33
    dev: true

  /@vue/compiler-sfc/3.2.21:
    resolution: {integrity: sha512-+yDlUSebKpz/ovxM2vLRRx7w/gVfY767pOfYTgbIhAs+ogvIV2BsIt4fpxlThnlCNChJ+yE0ERUNoROv2kEGEQ==}
    dependencies:
      '@babel/parser': 7.17.10
      '@vue/compiler-core': 3.2.21
      '@vue/compiler-dom': 3.2.21
      '@vue/compiler-ssr': 3.2.21
      '@vue/ref-transform': 3.2.21
      '@vue/shared': 3.2.21
      estree-walker: 2.0.2
      magic-string: 0.25.9
      postcss: 8.4.13
      source-map: 0.6.1
    dev: true

  /@vue/compiler-ssr/3.2.21:
    resolution: {integrity: sha512-eU+A0iWYy+1zAo2CRIJ0zSVlv1iuGAIbNRCnllSJ31pV1lX3jypJYzGbJlSRAbB7VP6E+tYveVT1Oq8JKewa3g==}
    dependencies:
      '@vue/compiler-dom': 3.2.21
      '@vue/shared': 3.2.21
    dev: true

  /@vue/devtools-api/6.2.1:
    resolution: {integrity: sha512-OEgAMeQXvCoJ+1x8WyQuVZzFo0wcyCmUR3baRVLmKBo1LmYZWMlRiXlux5jd0fqVJu6PfDbOrZItVqUEzLobeQ==}
    dev: true

  /@vue/reactivity/3.2.21:
    resolution: {integrity: sha512-7C57zFm/5E3SSTUhVuYj1InDwuJ+GIVQ/z+H43C9sST85gIThGXVhksl1yWTAadf8Yz4T5lSbqi5Ds8U/ueWcw==}
    dependencies:
      '@vue/shared': 3.2.21
    dev: true

  /@vue/reactivity/3.2.33:
    resolution: {integrity: sha512-62Sq0mp9/0bLmDuxuLD5CIaMG2susFAGARLuZ/5jkU1FCf9EDbwUuF+BO8Ub3Rbodx0ziIecM/NsmyjardBxfQ==}
    dependencies:
      '@vue/shared': 3.2.33
    dev: true

  /@vue/ref-transform/3.2.21:
    resolution: {integrity: sha512-uiEWWBsrGeun9O7dQExYWzXO3rHm/YdtFNXDVqCSoPypzOVxWxdiL+8hHeWzxMB58fVuV2sT80aUtIVyaBVZgQ==}
    dependencies:
      '@babel/parser': 7.17.10
      '@vue/compiler-core': 3.2.21
      '@vue/shared': 3.2.21
      estree-walker: 2.0.2
      magic-string: 0.25.9
    dev: true

  /@vue/runtime-core/3.2.21:
    resolution: {integrity: sha512-7oOxKaU0D2IunOAMOOHZgJVrHg63xwng8BZx3fbgmakqEIMwHhQcp+5GV1sOg/sWW7R4UhaRDIUCukO2GRVK2Q==}
    dependencies:
      '@vue/reactivity': 3.2.21
      '@vue/shared': 3.2.21
    dev: true

  /@vue/runtime-dom/3.2.21:
    resolution: {integrity: sha512-apBdriD6QsI4ywbllY8kjr9/0scGuStDuvLbJULPQkFPtHzntd51bP5PQTQVAEIc9kwnTozmj6x6ZdX/cwo7xA==}
    dependencies:
      '@vue/runtime-core': 3.2.21
      '@vue/shared': 3.2.21
      csstype: 2.6.20
    dev: true

  /@vue/server-renderer/3.2.21_vue@3.2.21:
    resolution: {integrity: sha512-QBgYqVgI7XCSBCqGa4LduV9vpfQFdZBOodFmq5Txk5W/v1KrJ1LoOh2Q0RHiRgtoK/UR9uyvRVcYqOmwHkZNEg==}
    peerDependencies:
      vue: 3.2.21
    dependencies:
      '@vue/compiler-ssr': 3.2.21
      '@vue/shared': 3.2.21
      vue: 3.2.21
    dev: true

  /@vue/shared/3.2.21:
    resolution: {integrity: sha512-5EQmIPK6gw4UVYUbM959B0uPsJ58+xoMESCZs3N89XyvJ9e+fX4pqEPrOGV8OroIk3SbEvJcC+eYc8BH9JQrHA==}
    dev: true

  /@vue/shared/3.2.33:
    resolution: {integrity: sha512-UBc1Pg1T3yZ97vsA2ueER0F6GbJebLHYlEi4ou1H5YL4KWvMOOWwpYo9/QpWq93wxKG6Wo13IY74Hcn/f7c7Bg==}
    dev: true

  /@windicss/config/1.8.4:
    resolution: {integrity: sha512-i4fFGFfZoRess6WMkauykHC3PFd9xKYVx7lSuLfMK7sgo6x3+l4dY42GbsWMHyLqH1sTMfyt1LgfXSIKYJozSA==}
    dependencies:
      debug: 4.3.4
      jiti: 1.13.0
      windicss: 3.5.2
    transitivePeerDependencies:
      - supports-color
    dev: true

  /@windicss/plugin-utils/1.8.4:
    resolution: {integrity: sha512-DqJVwAfzlgd8nYSNlmhXOey32pI8UwH7QiOWdFS/AR2O/q9oLDGHDn97Its/kZdfoyhi8ylwZNP2Pk0H7cihhQ==}
    dependencies:
      '@antfu/utils': 0.5.1
      '@windicss/config': 1.8.4
      debug: 4.3.4
      fast-glob: 3.2.11
      magic-string: 0.26.1
      micromatch: 4.0.5
      windicss: 3.5.2
    transitivePeerDependencies:
      - supports-color
    dev: true

  /acorn/7.4.1:
    resolution: {integrity: sha512-nQyp0o1/mNdbTO1PO6kHkwSrmgZ0MT/jCCpNiwbUjGoRN4dlBhqJtoQuCnEOKzgTVwg0ZWiCoQy6SxMebQVh8A==}
    engines: {node: '>=0.4.0'}
    hasBin: true
    dev: true

  /asap/2.0.6:
    resolution: {integrity: sha512-BSHWgDSAiKs50o2Re8ppvp3seVHXSRM44cdSsT9FfNEUUZLOGWVCsiWaRPWM1Znn+mqZ1OfVZ3z3DWEzSp7hRA==}
    dev: true

  /assert-never/1.2.1:
    resolution: {integrity: sha512-TaTivMB6pYI1kXwrFlEhLeGfOqoDNdTxjCdwRfFFkEA30Eu+k48W34nlok2EYWJfFFzqaEmichdNM7th6M5HNw==}
    dev: true

  /babel-walk/3.0.0-canary-5:
    resolution: {integrity: sha512-GAwkz0AihzY5bkwIY5QDR+LvsRQgB/B+1foMPvi0FZPMl5fjD7ICiznUiBdLYMH1QYe6vqu4gWYytZOccLouFw==}
    engines: {node: '>= 10.0.0'}
    dependencies:
      '@babel/types': 7.17.10
    dev: true

  /braces/3.0.2:
    resolution: {integrity: sha512-b8um+L1RzM3WDSzvhm6gIz1yfTbBt6YTlcEKAvsmqCZZFw46z626lVj9j1yEPW33H5H+lBQpZMP1k8l+78Ha0A==}
    engines: {node: '>=8'}
    dependencies:
      fill-range: 7.0.1
    dev: true

  /call-bind/1.0.2:
    resolution: {integrity: sha512-7O+FbCihrB5WGbFYesctwmTKae6rOiIzmz1icreWJ+0aA7LJfuqhEso2T9ncpcFtzMQtzXf2QGGueWJGTYsqrA==}
    dependencies:
      function-bind: 1.1.1
      get-intrinsic: 1.1.1
    dev: true

  /character-parser/2.2.0:
    resolution: {integrity: sha512-+UqJQjFEFaTAs3bNsF2j2kEN1baG/zghZbdqoYEDxGZtJo9LBzl1A+m0D4n3qKx8N2FNv8/Xp6yV9mQmBuptaw==}
    dependencies:
      is-regex: 1.1.4
    dev: true

  /constantinople/4.0.1:
    resolution: {integrity: sha512-vCrqcSIq4//Gx74TXXCGnHpulY1dskqLTFGDmhrGxzeXL8lF8kvXv6mpNWlJj1uD4DW23D4ljAqbY4RRaaUZIw==}
    dependencies:
      '@babel/parser': 7.17.10
      '@babel/types': 7.17.10
    dev: true

  /csstype/2.6.20:
    resolution: {integrity: sha512-/WwNkdXfckNgw6S5R125rrW8ez139lBHWouiBvX8dfMFtcn6V81REDqnH7+CRpRipfYlyU1CmOnOxrmGcFOjeA==}
    dev: true

  /debug/4.3.4:
    resolution: {integrity: sha512-PRWFHuSU3eDtQJPvnNY7Jcket1j0t5OuOsFzPPzsekD52Zl8qUfFIPEiswXqIvHWGVHOgX+7G/vCNNhehwxfkQ==}
    engines: {node: '>=6.0'}
    peerDependencies:
      supports-color: '*'
    peerDependenciesMeta:
      supports-color:
        optional: true
    dependencies:
      ms: 2.1.2
    dev: true

  /doctypes/1.1.0:
    resolution: {integrity: sha1-6oCxBqh1OHdOijpKWv4pPeSJ4Kk=}
    dev: true

  /dom-serializer/1.4.1:
    resolution: {integrity: sha512-VHwB3KfrcOOkelEG2ZOfxqLZdfkil8PtJi4P8N2MMXucZq2yLp75ClViUlOVwyoHEDjYU433Aq+5zWP61+RGag==}
    dependencies:
      domelementtype: 2.3.0
      domhandler: 4.3.1
      entities: 2.2.0
    dev: true

  /domelementtype/2.3.0:
    resolution: {integrity: sha512-OLETBj6w0OsagBwdXnPdN0cnMfF9opN69co+7ZrbfPGrdpPVNBUj02spi6B1N7wChLQiPn4CSH/zJvXw56gmHw==}
    dev: true

  /domhandler/4.3.1:
    resolution: {integrity: sha512-GrwoxYN+uWlzO8uhUXRl0P+kHE4GtVPfYzVLcUxPL7KNdHKj66vvlhiweIHqYYXWlw+T8iLMp42Lm67ghw4WMQ==}
    engines: {node: '>= 4'}
    dependencies:
      domelementtype: 2.3.0
    dev: true

  /domutils/2.8.0:
    resolution: {integrity: sha512-w96Cjofp72M5IIhpjgobBimYEfoPjx1Vx0BSX9P30WBdZW2WIKU0T1Bd0kz2eNZ9ikjKgHbEyKx8BB6H1L3h3A==}
    dependencies:
      dom-serializer: 1.4.1
      domelementtype: 2.3.0
      domhandler: 4.3.1
    dev: true

  /emmet/2.3.6:
    resolution: {integrity: sha512-pLS4PBPDdxuUAmw7Me7+TcHbykTsBKN/S9XJbUOMFQrNv9MoshzyMFK/R57JBm94/6HSL4vHnDeEmxlC82NQ4A==}
    dependencies:
      '@emmetio/abbreviation': 2.2.3
      '@emmetio/css-abbreviation': 2.1.4
    dev: true

  /entities/2.2.0:
    resolution: {integrity: sha512-p92if5Nz619I0w+akJrLZH0MX0Pb5DX39XOwQTtXSdQQOaYH03S1uIQp4mhOZtAXrxq4ViO67YTiLBo2638o9A==}
    dev: true

  /entities/3.0.1:
    resolution: {integrity: sha512-WiyBqoomrwMdFG1e0kqvASYfnlb0lp8M5o5Fw2OFq1hNZxxcNk8Ik0Xm7LxzBhuidnZB/UtBqVCgUz3kBOP51Q==}
    engines: {node: '>=0.12'}
    dev: true

  /esbuild-android-64/0.14.43:
    resolution: {integrity: sha512-kqFXAS72K6cNrB6RiM7YJ5lNvmWRDSlpi7ZuRZ1hu1S3w0zlwcoCxWAyM23LQUyZSs1PbjHgdbbfYAN8IGh6xg==}
    engines: {node: '>=12'}
    cpu: [x64]
    os: [android]
    requiresBuild: true
    dev: true
    optional: true

  /esbuild-android-arm64/0.14.43:
    resolution: {integrity: sha512-bKS2BBFh+7XZY9rpjiHGRNA7LvWYbZWP87pLehggTG7tTaCDvj8qQGOU/OZSjCSKDYbgY7Q+oDw8RlYQ2Jt2BA==}
    engines: {node: '>=12'}
    cpu: [arm64]
    os: [android]
    requiresBuild: true
    dev: true
    optional: true

  /esbuild-darwin-64/0.14.43:
    resolution: {integrity: sha512-/3PSilx011ttoieRGkSZ0XV8zjBf2C9enV4ScMMbCT4dpx0mFhMOpFnCHkOK0pWGB8LklykFyHrWk2z6DENVUg==}
    engines: {node: '>=12'}
    cpu: [x64]
    os: [darwin]
    requiresBuild: true
    dev: true
    optional: true

  /esbuild-darwin-arm64/0.14.43:
    resolution: {integrity: sha512-1HyFUKs8DMCBOvw1Qxpr5Vv/ThNcVIFb5xgXWK3pyT40WPvgYIiRTwJCvNs4l8i5qWF8/CK5bQxJVDjQvtv0Yw==}
    engines: {node: '>=12'}
    cpu: [arm64]
    os: [darwin]
    requiresBuild: true
    dev: true
    optional: true

  /esbuild-freebsd-64/0.14.43:
    resolution: {integrity: sha512-FNWc05TPHYgaXjbPZO5/rJKSBslfG6BeMSs8GhwnqAKP56eEhvmzwnIz1QcC9cRVyO+IKqWNfmHFkCa1WJTULA==}
    engines: {node: '>=12'}
    cpu: [x64]
    os: [freebsd]
    requiresBuild: true
    dev: true
    optional: true

  /esbuild-freebsd-arm64/0.14.43:
    resolution: {integrity: sha512-amrYopclz3VohqisOPR6hA3GOWA3LZC1WDLnp21RhNmoERmJ/vLnOpnrG2P/Zao+/erKTCUqmrCIPVtj58DRoA==}
    engines: {node: '>=12'}
    cpu: [arm64]
    os: [freebsd]
    requiresBuild: true
    dev: true
    optional: true

  /esbuild-linux-32/0.14.43:
    resolution: {integrity: sha512-KoxoEra+9O3AKVvgDFvDkiuddCds6q71owSQEYwjtqRV7RwbPzKxJa6+uyzUulHcyGVq0g15K0oKG5CFBcvYDw==}
    engines: {node: '>=12'}
    cpu: [ia32]
    os: [linux]
    requiresBuild: true
    dev: true
    optional: true

  /esbuild-linux-64/0.14.43:
    resolution: {integrity: sha512-EwINwGMyiJMgBby5/SbMqKcUhS5AYAZ2CpEBzSowsJPNBJEdhkCTtEjk757TN/wxgbu3QklqDM6KghY660QCUw==}
    engines: {node: '>=12'}
    cpu: [x64]
    os: [linux]
    requiresBuild: true
    dev: true
    optional: true

  /esbuild-linux-arm/0.14.43:
    resolution: {integrity: sha512-e6YzQUoDxxtyamuF12eVzzRC7bbEFSZohJ6igQB9tBqnNmIQY3fI6Cns3z2wxtbZ3f2o6idkD2fQnlvs2902Dg==}
    engines: {node: '>=12'}
    cpu: [arm]
    os: [linux]
    requiresBuild: true
    dev: true
    optional: true

  /esbuild-linux-arm64/0.14.43:
    resolution: {integrity: sha512-UlSpjMWllAc70zYbHxWuDS3FJytyuR/gHJYBr8BICcTNb/TSOYVBg6U7b3jZ3mILTrgzwJUHwhEwK18FZDouUQ==}
    engines: {node: '>=12'}
    cpu: [arm64]
    os: [linux]
    requiresBuild: true
    dev: true
    optional: true

  /esbuild-linux-mips64le/0.14.43:
    resolution: {integrity: sha512-f+v8cInPEL1/SDP//CfSYzcDNgE4CY3xgDV81DWm3KAPWzhvxARrKxB1Pstf5mB56yAslJDxu7ryBUPX207EZA==}
    engines: {node: '>=12'}
    cpu: [mips64el]
    os: [linux]
    requiresBuild: true
    dev: true
    optional: true

  /esbuild-linux-ppc64le/0.14.43:
    resolution: {integrity: sha512-5wZYMDGAL/K2pqkdIsW+I4IR41kyfHr/QshJcNpUfK3RjB3VQcPWOaZmc+74rm4ZjVirYrtz+jWw0SgxtxRanA==}
    engines: {node: '>=12'}
    cpu: [ppc64]
    os: [linux]
    requiresBuild: true
    dev: true
    optional: true

  /esbuild-linux-riscv64/0.14.43:
    resolution: {integrity: sha512-lYcAOUxp85hC7lSjycJUVSmj4/9oEfSyXjb/ua9bNl8afonaduuqtw7hvKMoKuYnVwOCDw4RSfKpcnIRDWq+Bw==}
    engines: {node: '>=12'}
    cpu: [riscv64]
    os: [linux]
    requiresBuild: true
    dev: true
    optional: true

  /esbuild-linux-s390x/0.14.43:
    resolution: {integrity: sha512-27e43ZhHvhFE4nM7HqtUbMRu37I/4eNSUbb8FGZWszV+uLzMIsHDwLoBiJmw7G9N+hrehNPeQ4F5Ujad0DrUKQ==}
    engines: {node: '>=12'}
    cpu: [s390x]
    os: [linux]
    requiresBuild: true
    dev: true
    optional: true

  /esbuild-netbsd-64/0.14.43:
    resolution: {integrity: sha512-2mH4QF6hHBn5zzAfxEI/2eBC0mspVsZ6UVo821LpAJKMvLJPBk3XJO5xwg7paDqSqpl7p6IRrAenW999AEfJhQ==}
    engines: {node: '>=12'}
    cpu: [x64]
    os: [netbsd]
    requiresBuild: true
    dev: true
    optional: true

  /esbuild-openbsd-64/0.14.43:
    resolution: {integrity: sha512-ZhQpiZjvqCqO8jKdGp9+8k9E/EHSA+zIWOg+grwZasI9RoblqJ1QiZqqi7jfd6ZrrG1UFBNGe4m0NFxCFbMVbg==}
    engines: {node: '>=12'}
    cpu: [x64]
    os: [openbsd]
    requiresBuild: true
    dev: true
    optional: true

  /esbuild-sunos-64/0.14.43:
    resolution: {integrity: sha512-DgxSi9DaHReL9gYuul2rrQCAapgnCJkh3LSHPKsY26zytYppG0HgkgVF80zjIlvEsUbGBP/GHQzBtrezj/Zq1Q==}
    engines: {node: '>=12'}
    cpu: [x64]
    os: [sunos]
    requiresBuild: true
    dev: true
    optional: true

  /esbuild-windows-32/0.14.43:
    resolution: {integrity: sha512-Ih3+2O5oExiqm0mY6YYE5dR0o8+AspccQ3vIAtRodwFvhuyGLjb0Hbmzun/F3Lw19nuhPMu3sW2fqIJ5xBxByw==}
    engines: {node: '>=12'}
    cpu: [ia32]
    os: [win32]
    requiresBuild: true
    dev: true
    optional: true

  /esbuild-windows-64/0.14.43:
    resolution: {integrity: sha512-8NsuNfI8xwFuJbrCuI+aBqNTYkrWErejFO5aYM+yHqyHuL8mmepLS9EPzAzk8rvfaJrhN0+RvKWAcymViHOKEw==}
    engines: {node: '>=12'}
    cpu: [x64]
    os: [win32]
    requiresBuild: true
    dev: true
    optional: true

  /esbuild-windows-arm64/0.14.43:
    resolution: {integrity: sha512-7ZlD7bo++kVRblJEoG+cepljkfP8bfuTPz5fIXzptwnPaFwGS6ahvfoYzY7WCf5v/1nX2X02HDraVItTgbHnKw==}
    engines: {node: '>=12'}
    cpu: [arm64]
    os: [win32]
    requiresBuild: true
    dev: true
    optional: true

  /esbuild/0.14.43:
    resolution: {integrity: sha512-Uf94+kQmy/5jsFwKWiQB4hfo/RkM9Dh7b79p8yqd1tshULdr25G2szLz631NoH3s2ujnKEKVD16RmOxvCNKRFA==}
    engines: {node: '>=12'}
    hasBin: true
    requiresBuild: true
    optionalDependencies:
      esbuild-android-64: 0.14.43
      esbuild-android-arm64: 0.14.43
      esbuild-darwin-64: 0.14.43
      esbuild-darwin-arm64: 0.14.43
      esbuild-freebsd-64: 0.14.43
      esbuild-freebsd-arm64: 0.14.43
      esbuild-linux-32: 0.14.43
      esbuild-linux-64: 0.14.43
      esbuild-linux-arm: 0.14.43
      esbuild-linux-arm64: 0.14.43
      esbuild-linux-mips64le: 0.14.43
      esbuild-linux-ppc64le: 0.14.43
      esbuild-linux-riscv64: 0.14.43
      esbuild-linux-s390x: 0.14.43
      esbuild-netbsd-64: 0.14.43
      esbuild-openbsd-64: 0.14.43
      esbuild-sunos-64: 0.14.43
      esbuild-windows-32: 0.14.43
      esbuild-windows-64: 0.14.43
      esbuild-windows-arm64: 0.14.43
    dev: true

  /estree-walker/2.0.2:
    resolution: {integrity: sha512-Rfkk/Mp/DL7JVje3u18FxFujQlTNR2q6QfMSMB7AvCBx91NGj/ba3kCfza0f6dVDbw7YlRf/nDrn7pQrCCyQ/w==}
    dev: true

  /fast-glob/3.2.11:
    resolution: {integrity: sha512-xrO3+1bxSo3ZVHAnqzyuewYT6aMFHRAd4Kcs92MAonjwQZLsK9d0SF1IyQ3k5PoirxTW0Oe/RqFgMQ6TcNE5Ew==}
    engines: {node: '>=8.6.0'}
    dependencies:
      '@nodelib/fs.stat': 2.0.5
      '@nodelib/fs.walk': 1.2.8
      glob-parent: 5.1.2
      merge2: 1.4.1
      micromatch: 4.0.5
    dev: true

  /fastq/1.13.0:
    resolution: {integrity: sha512-YpkpUnK8od0o1hmeSc7UUs/eB/vIPWJYjKck2QKIzAf71Vm1AAQ3EbuZB3g2JIy+pg+ERD0vqI79KyZiB2e2Nw==}
    dependencies:
      reusify: 1.0.4
    dev: true

  /fill-range/7.0.1:
    resolution: {integrity: sha512-qOo9F+dMUmC2Lcb4BbVvnKJxTPjCm+RRpe4gDuGrzkL7mEVl/djYSu2OdQ2Pa302N4oqkSg9ir6jaLWJ2USVpQ==}
    engines: {node: '>=8'}
    dependencies:
      to-regex-range: 5.0.1
    dev: true

  /fsevents/2.3.2:
    resolution: {integrity: sha512-xiqMQR4xAeHTuB9uWm+fFRcIOgKBMiOBP+eXiyT7jsgVCq1bkVygt00oASowB7EdtpOHaaPgKt812P9ab+DDKA==}
    engines: {node: ^8.16.0 || ^10.6.0 || >=11.0.0}
    os: [darwin]
    requiresBuild: true
    dev: true
    optional: true

  /function-bind/1.1.1:
    resolution: {integrity: sha512-yIovAzMX49sF8Yl58fSCWJ5svSLuaibPxXQJFLmBObTuCr0Mf1KiPopGM9NiFjiYBCbfaa2Fh6breQ6ANVTI0A==}
    dev: true

  /get-intrinsic/1.1.1:
    resolution: {integrity: sha512-kWZrnVM42QCiEA2Ig1bG8zjoIMOgxWwYCEeNdwY6Tv/cOSeGpcoX4pXHfKUxNKVoArnrEr2e9srnAxxGIraS9Q==}
    dependencies:
      function-bind: 1.1.1
      has: 1.0.3
      has-symbols: 1.0.3
    dev: true

  /glob-parent/5.1.2:
    resolution: {integrity: sha512-AOIgSQCepiJYwP3ARnGx+5VnTu2HBYdzbGP45eLw1vr3zB3vZLeyed1sC9hnbcOc9/SrMyM5RPQrkGz4aS9Zow==}
    engines: {node: '>= 6'}
    dependencies:
      is-glob: 4.0.3
    dev: true

  /has-symbols/1.0.3:
    resolution: {integrity: sha512-l3LCuF6MgDNwTDKkdYGEihYjt5pRPbEg46rtlmnSPlUbgmB8LOIrKJbYYFBSbnPaJexMKtiPO8hmeRjRz2Td+A==}
    engines: {node: '>= 0.4'}
    dev: true

  /has-tostringtag/1.0.0:
    resolution: {integrity: sha512-kFjcSNhnlGV1kyoGk7OXKSawH5JOb/LzUc5w9B02hOTO0dfFRjbHQKvg1d6cf3HbeUmtU9VbbV3qzZ2Teh97WQ==}
    engines: {node: '>= 0.4'}
    dependencies:
      has-symbols: 1.0.3
    dev: true

  /has/1.0.3:
    resolution: {integrity: sha512-f2dvO0VU6Oej7RkWJGrehjbzMAjFp5/VKPp5tTpWIV4JHHZK1/BxbFRtf/siA2SWTe09caDmVtYYzWEIbBS4zw==}
    engines: {node: '>= 0.4.0'}
    dependencies:
      function-bind: 1.1.1
    dev: true

  /htmlparser2/7.2.0:
    resolution: {integrity: sha512-H7MImA4MS6cw7nbyURtLPO1Tms7C5H602LRETv95z1MxO/7CP7rDVROehUYeYBUYEON94NXXDEPmZuq+hX4sog==}
    dependencies:
      domelementtype: 2.3.0
      domhandler: 4.3.1
      domutils: 2.8.0
      entities: 3.0.1
    dev: true

  /is-core-module/2.8.1:
    resolution: {integrity: sha512-SdNCUs284hr40hFTFP6l0IfZ/RSrMXF3qgoRHd3/79unUTvrFO/JoXwkGm+5J/Oe3E/b5GsnG330uUNgRpu1PA==}
    dependencies:
      has: 1.0.3
    dev: true

  /is-expression/4.0.0:
    resolution: {integrity: sha512-zMIXX63sxzG3XrkHkrAPvm/OVZVSCPNkwMHU8oTX7/U3AL78I0QXCEICXUM13BIa8TYGZ68PiTKfQz3yaTNr4A==}
    dependencies:
      acorn: 7.4.1
      object-assign: 4.1.1
    dev: true

  /is-extglob/2.1.1:
    resolution: {integrity: sha1-qIwCU1eR8C7TfHahueqXc8gz+MI=}
    engines: {node: '>=0.10.0'}
    dev: true

  /is-glob/4.0.3:
    resolution: {integrity: sha512-xelSayHH36ZgE7ZWhli7pW34hNbNl8Ojv5KVmkJD4hBdD3th8Tfk9vYasLM+mXWOZhFkgZfxhLSnrwRr4elSSg==}
    engines: {node: '>=0.10.0'}
    dependencies:
      is-extglob: 2.1.1
    dev: true

  /is-number/7.0.0:
    resolution: {integrity: sha512-41Cifkg6e8TylSpdtTpeLVMqvSBEVzTttHvERD741+pnZ8ANv0004MRL43QKPDlK9cGvNp6NZWZUBlbGXYxxng==}
    engines: {node: '>=0.12.0'}
    dev: true

  /is-promise/2.2.2:
    resolution: {integrity: sha512-+lP4/6lKUBfQjZ2pdxThZvLUAafmZb8OAxFb8XXtiQmS35INgr85hdOGoEs124ez1FCnZJt6jau/T+alh58QFQ==}
    dev: true

  /is-regex/1.1.4:
    resolution: {integrity: sha512-kvRdxDsxZjhzUX07ZnLydzS1TU/TJlTUHHY4YLL87e37oUA49DfkLqgy+VjFocowy29cKvcSiu+kIv728jTTVg==}
    engines: {node: '>= 0.4'}
    dependencies:
      call-bind: 1.0.2
      has-tostringtag: 1.0.0
    dev: true

  /jiti/1.13.0:
    resolution: {integrity: sha512-/n9mNxZj/HDSrincJ6RP+L+yXbpnB8FybySBa+IjIaoH9FIxBbrbRT5XUbe8R7zuVM2AQqNMNDDqz0bzx3znOQ==}
    hasBin: true
    dev: true

  /js-stringify/1.0.2:
    resolution: {integrity: sha1-Fzb939lyTyijaCrcYjCufk6Weds=}
    dev: true

  /jsonc-parser/2.3.1:
    resolution: {integrity: sha512-H8jvkz1O50L3dMZCsLqiuB2tA7muqbSg1AtGEkN0leAqGjsUzDJir3Zwr02BhqdcITPg3ei3mZ+HjMocAknhhg==}
    dev: true

  /jsonc-parser/3.0.0:
    resolution: {integrity: sha512-fQzRfAbIBnR0IQvftw9FJveWiHp72Fg20giDrHz6TdfB12UH/uue0D3hm57UB5KgAVuniLMCaS8P1IMj9NR7cA==}
    dev: true

  /jstransformer/1.0.0:
    resolution: {integrity: sha1-7Yvwkh4vPx7U1cGkT2hwntJHIsM=}
    dependencies:
      is-promise: 2.2.2
      promise: 7.3.1
    dev: true

  /kolorist/1.5.1:
    resolution: {integrity: sha512-lxpCM3HTvquGxKGzHeknB/sUjuVoUElLlfYnXZT73K8geR9jQbroGlSCFBax9/0mpGoD3kzcMLnOlGQPJJNyqQ==}
    dev: true

  /lru-cache/6.0.0:
    resolution: {integrity: sha512-Jo6dJ04CmSjuznwJSS3pUeWmd/H0ffTlkXXgwZi+eq1UCmqQwCh+eLsYOYCwY991i2Fah4h1BEMCx4qThGbsiA==}
    engines: {node: '>=10'}
    dependencies:
      yallist: 4.0.0
    dev: true

  /magic-string/0.25.9:
    resolution: {integrity: sha512-RmF0AsMzgt25qzqqLc1+MbHmhdx0ojF2Fvs4XnOqz2ZOBXzzkEwc/dJQZCYHAn7v1jbVOjAZfK8msRn4BxO4VQ==}
    dependencies:
      sourcemap-codec: 1.4.8
    dev: true

  /magic-string/0.26.1:
    resolution: {integrity: sha512-ndThHmvgtieXe8J/VGPjG+Apu7v7ItcD5mhEIvOscWjPF/ccOiLxHaSuCAS2G+3x4GKsAbT8u7zdyamupui8Tg==}
    engines: {node: '>=12'}
    dependencies:
      sourcemap-codec: 1.4.8
    dev: true

  /merge2/1.4.1:
    resolution: {integrity: sha512-8q7VEgMJW4J8tcfVPy8g09NcQwZdbwFEqhe/WZkoIzjn/3TGDwtOCYtXGxA3O8tPzpczCCDgv+P2P5y00ZJOOg==}
    engines: {node: '>= 8'}
    dev: true

  /micromatch/4.0.5:
    resolution: {integrity: sha512-DMy+ERcEW2q8Z2Po+WNXuw3c5YaUSFjAO5GsJqfEl7UjvtIuFKO6ZrKvcItdy98dwFI2N1tg3zNIdKaQT+aNdA==}
    engines: {node: '>=8.6'}
    dependencies:
      braces: 3.0.2
      picomatch: 2.3.1
    dev: true

  /ms/2.1.2:
    resolution: {integrity: sha512-sGkPx+VjMtmA6MX27oA4FBFELFCZZ4S4XqeGOXCv68tT+jb3vk/RyaKWP0PTKyWtmLSM0b+adUTEvbs1PEaH2w==}
    dev: true

  /nanoid/3.3.4:
    resolution: {integrity: sha512-MqBkQh/OHTS2egovRtLk45wEyNXwF+cokD+1YPf9u5VfJiRdAiRwB2froX5Co9Rh20xs4siNPm8naNotSD6RBw==}
    engines: {node: ^10 || ^12 || ^13.7 || ^14 || >=15.0.1}
    hasBin: true
    dev: true

  /object-assign/4.1.1:
    resolution: {integrity: sha1-IQmtx5ZYh8/AXLvUQsrIv7s2CGM=}
    engines: {node: '>=0.10.0'}
    dev: true

  /path-parse/1.0.7:
    resolution: {integrity: sha512-LDJzPVEEEPR+y48z93A0Ed0yXb8pAByGWo/k5YYdYgpY2/2EsOsksJrq7lOHxryrVOn1ejG6oAp8ahvOIQD8sw==}
    dev: true

  /picocolors/1.0.0:
    resolution: {integrity: sha512-1fygroTLlHu66zi26VoTDv8yRgm0Fccecssto+MhsZ0D/DGW2sm8E8AjW7NU5VVTRt5GxbeZ5qBuJr+HyLYkjQ==}
    dev: true

  /picomatch/2.3.1:
    resolution: {integrity: sha512-JU3teHTNjmE2VCGFzuY8EXzCDVwEqB2a8fsIvwaStHhAWJEeVd1o1QD80CU6+ZdEXXSLbSsuLwJjkCBWqRQUVA==}
    engines: {node: '>=8.6'}
    dev: true

  /postcss/8.4.13:
    resolution: {integrity: sha512-jtL6eTBrza5MPzy8oJLFuUscHDXTV5KcLlqAWHl5q5WYRfnNRGSmOZmOZ1T6Gy7A99mOZfqungmZMpMmCVJ8ZA==}
    engines: {node: ^10 || ^12 || >=14}
    dependencies:
      nanoid: 3.3.4
      picocolors: 1.0.0
      source-map-js: 1.0.2
    dev: true

  /promise/7.3.1:
    resolution: {integrity: sha512-nolQXZ/4L+bP/UGlkfaIujX9BKxGwmQ9OT4mOt5yvy8iK1h3wqTEJCijzGANTCCl9nWjY41juyAn2K3Q1hLLTg==}
    dependencies:
      asap: 2.0.6
    dev: true

  /pug-attrs/3.0.0:
    resolution: {integrity: sha512-azINV9dUtzPMFQktvTXciNAfAuVh/L/JCl0vtPCwvOA21uZrC08K/UnmrL+SXGEVc1FwzjW62+xw5S/uaLj6cA==}
    dependencies:
      constantinople: 4.0.1
      js-stringify: 1.0.2
      pug-runtime: 3.0.1
    dev: true

  /pug-code-gen/3.0.2:
    resolution: {integrity: sha512-nJMhW16MbiGRiyR4miDTQMRWDgKplnHyeLvioEJYbk1RsPI3FuA3saEP8uwnTb2nTJEKBU90NFVWJBk4OU5qyg==}
    dependencies:
      constantinople: 4.0.1
      doctypes: 1.1.0
      js-stringify: 1.0.2
      pug-attrs: 3.0.0
      pug-error: 2.0.0
      pug-runtime: 3.0.1
      void-elements: 3.1.0
      with: 7.0.2
    dev: true

  /pug-error/2.0.0:
    resolution: {integrity: sha512-sjiUsi9M4RAGHktC1drQfCr5C5eriu24Lfbt4s+7SykztEOwVZtbFk1RRq0tzLxcMxMYTBR+zMQaG07J/btayQ==}
    dev: true

  /pug-filters/4.0.0:
    resolution: {integrity: sha512-yeNFtq5Yxmfz0f9z2rMXGw/8/4i1cCFecw/Q7+D0V2DdtII5UvqE12VaZ2AY7ri6o5RNXiweGH79OCq+2RQU4A==}
    dependencies:
      constantinople: 4.0.1
      jstransformer: 1.0.0
      pug-error: 2.0.0
      pug-walk: 2.0.0
      resolve: 1.22.0
    dev: true

  /pug-lexer/5.0.1:
    resolution: {integrity: sha512-0I6C62+keXlZPZkOJeVam9aBLVP2EnbeDw3An+k0/QlqdwH6rv8284nko14Na7c0TtqtogfWXcRoFE4O4Ff20w==}
    dependencies:
      character-parser: 2.2.0
      is-expression: 4.0.0
      pug-error: 2.0.0
    dev: true

  /pug-linker/4.0.0:
    resolution: {integrity: sha512-gjD1yzp0yxbQqnzBAdlhbgoJL5qIFJw78juN1NpTLt/mfPJ5VgC4BvkoD3G23qKzJtIIXBbcCt6FioLSFLOHdw==}
    dependencies:
      pug-error: 2.0.0
      pug-walk: 2.0.0
    dev: true

  /pug-load/3.0.0:
    resolution: {integrity: sha512-OCjTEnhLWZBvS4zni/WUMjH2YSUosnsmjGBB1An7CsKQarYSWQ0GCVyd4eQPMFJqZ8w9xgs01QdiZXKVjk92EQ==}
    dependencies:
      object-assign: 4.1.1
      pug-walk: 2.0.0
    dev: true

  /pug-parser/6.0.0:
    resolution: {integrity: sha512-ukiYM/9cH6Cml+AOl5kETtM9NR3WulyVP2y4HOU45DyMim1IeP/OOiyEWRr6qk5I5klpsBnbuHpwKmTx6WURnw==}
    dependencies:
      pug-error: 2.0.0
      token-stream: 1.0.0
    dev: true

  /pug-runtime/3.0.1:
    resolution: {integrity: sha512-L50zbvrQ35TkpHwv0G6aLSuueDRwc/97XdY8kL3tOT0FmhgG7UypU3VztfV/LATAvmUfYi4wNxSajhSAeNN+Kg==}
    dev: true

  /pug-strip-comments/2.0.0:
    resolution: {integrity: sha512-zo8DsDpH7eTkPHCXFeAk1xZXJbyoTfdPlNR0bK7rpOMuhBYb0f5qUVCO1xlsitYd3w5FQTK7zpNVKb3rZoUrrQ==}
    dependencies:
      pug-error: 2.0.0
    dev: true

  /pug-walk/2.0.0:
    resolution: {integrity: sha512-yYELe9Q5q9IQhuvqsZNwA5hfPkMJ8u92bQLIMcsMxf/VADjNtEYptU+inlufAFYcWdHlwNfZOEnOOQrZrcyJCQ==}
    dev: true

  /pug/3.0.2:
    resolution: {integrity: sha512-bp0I/hiK1D1vChHh6EfDxtndHji55XP/ZJKwsRqrz6lRia6ZC2OZbdAymlxdVFwd1L70ebrVJw4/eZ79skrIaw==}
    dependencies:
      pug-code-gen: 3.0.2
      pug-filters: 4.0.0
      pug-lexer: 5.0.1
      pug-linker: 4.0.0
      pug-load: 3.0.0
      pug-parser: 6.0.0
      pug-runtime: 3.0.1
      pug-strip-comments: 2.0.0
    dev: true

  /queue-microtask/1.2.3:
    resolution: {integrity: sha512-NuaNSa6flKT5JaSYQzJok04JzTL1CA6aGhv5rfLW3PgqA+M2ChpZQnAC8h8i4ZFkBS8X5RqkDBHA7r4hej3K9A==}
    dev: true

  /request-light/0.5.8:
    resolution: {integrity: sha512-3Zjgh+8b5fhRJBQZoy+zbVKpAQGLyka0MPgW3zruTF4dFFJ8Fqcfu9YsAvi/rvdcaTeWG3MkbZv4WKxAn/84Lg==}
    dev: true

  /resolve/1.22.0:
    resolution: {integrity: sha512-Hhtrw0nLeSrFQ7phPp4OOcVjLPIeMnRlr5mcnVuMe7M/7eBn98A3hmFRLoFo3DLZkivSYwhRUJTyPyWAk56WLw==}
    hasBin: true
    dependencies:
      is-core-module: 2.8.1
      path-parse: 1.0.7
      supports-preserve-symlinks-flag: 1.0.0
    dev: true

  /reusify/1.0.4:
    resolution: {integrity: sha512-U9nH88a3fc/ekCF1l0/UP1IosiuIjyTh7hBvXVMHYgVcfGvt897Xguj2UOLDeI5BG2m7/uwyaLVT6fbtCwTyzw==}
    engines: {iojs: '>=1.0.0', node: '>=0.10.0'}
    dev: true

  /rollup/2.75.6:
    resolution: {integrity: sha512-OEf0TgpC9vU6WGROJIk1JA3LR5vk/yvqlzxqdrE2CzzXnqKXNzbAwlWUXis8RS3ZPe7LAq+YUxsRa0l3r27MLA==}
    engines: {node: '>=10.0.0'}
    hasBin: true
    optionalDependencies:
      fsevents: 2.3.2
    dev: true

  /run-parallel/1.2.0:
    resolution: {integrity: sha512-5l4VyZR86LZ/lDxZTR6jqL8AFE2S0IFLMP26AbjsLVADxHdhB/c0GUsH+y39UfCi3dzz8OlQuPmnaJOMoDHQBA==}
    dependencies:
      queue-microtask: 1.2.3
    dev: true

  /semver/7.3.7:
    resolution: {integrity: sha512-QlYTucUYOews+WeEujDoEGziz4K6c47V/Bd+LjSSYcA94p+DmINdf7ncaUinThfvZyu13lN9OY1XDxt8C0Tw0g==}
    engines: {node: '>=10'}
    hasBin: true
    dependencies:
      lru-cache: 6.0.0
    dev: true

  /source-map-js/1.0.2:
    resolution: {integrity: sha512-R0XvVJ9WusLiqTCEiGCmICCMplcCkIwwR11mOSD9CR5u+IXYdiseeEuXCVAjS54zqwkLcPNnmU4OeJ6tUrWhDw==}
    engines: {node: '>=0.10.0'}
    dev: true

  /source-map/0.6.1:
    resolution: {integrity: sha512-UjgapumWlbMhkBgzT7Ykc5YXUT46F0iKu8SGXq0bcwP5dz/h0Plj6enJqjz1Zbq2l5WaqYnrVbwWOWMyF3F47g==}
    engines: {node: '>=0.10.0'}
    dev: true

  /sourcemap-codec/1.4.8:
    resolution: {integrity: sha512-9NykojV5Uih4lgo5So5dtw+f0JgJX30KCNI8gwhz2J9A15wD0Ml6tjHKwf6fTSa6fAdVBdZeNOs9eJ71qCk8vA==}
    dev: true

  /supports-preserve-symlinks-flag/1.0.0:
    resolution: {integrity: sha512-ot0WnXS9fgdkgIcePe6RHNk1WA8+muPa6cSjeR3V8K27q9BB1rTE3R1p7Hv0z1ZyAc8s6Vvv8DIyWf681MAt0w==}
    engines: {node: '>= 0.4'}
    dev: true

  /to-fast-properties/2.0.0:
    resolution: {integrity: sha1-3F5pjL0HkmW8c+A3doGk5Og/YW4=}
    engines: {node: '>=4'}
    dev: true

  /to-regex-range/5.0.1:
    resolution: {integrity: sha512-65P7iz6X5yEr1cwcgvQxbbIw7Uk3gOy5dIdtZ4rDveLqhrdJP+Li/Hx6tyK0NEb+2GCyneCMJiGqrADCSNk8sQ==}
    engines: {node: '>=8.0'}
    dependencies:
      is-number: 7.0.0
    dev: true

  /token-stream/1.0.0:
    resolution: {integrity: sha1-zCAOqyYT9BZtJ/+a/HylbUnfbrQ=}
    dev: true

  /typescript/4.6.3:
    resolution: {integrity: sha512-yNIatDa5iaofVozS/uQJEl3JRWLKKGJKh6Yaiv0GLGSuhpFJe7P3SbHZ8/yjAHRQwKRoA6YZqlfjXWmVzoVSMw==}
    engines: {node: '>=4.2.0'}
    hasBin: true
    dev: true

  /upath/2.0.1:
    resolution: {integrity: sha512-1uEe95xksV1O0CYKXo8vQvN1JEbtJp7lb7C5U9HMsIp6IVwntkH/oNUzyVNQSd4S1sYk2FpSSW44FqMc8qee5w==}
    engines: {node: '>=4'}
    dev: true

  /vite-plugin-windicss/1.8.4_vite@2.8.3:
    resolution: {integrity: sha512-LSZAO8BZn3x406GRbYX5t5ONXXJVdqiQtN1qrznLA/Dy5/NzZVhfcrL6N1qEYYO7HsCDT4pLAjTzObvDnM9Y8A==}
    peerDependencies:
      vite: ^2.0.1
    dependencies:
      '@windicss/plugin-utils': 1.8.4
      debug: 4.3.4
      kolorist: 1.5.1
      vite: 2.8.3
      windicss: 3.5.2
    transitivePeerDependencies:
      - supports-color
    dev: true

  /vite/2.8.3:
    resolution: {integrity: sha512-967klrEiG7HEsN7fQYYVETs5495Iu6GpI7YyxoO5yVTJCRxjV8HhWgNWKgrbazjoOB9DQuztL53/nUoNqHNsWg==}
    engines: {node: '>=12.2.0'}
    hasBin: true
    peerDependencies:
      less: '*'
      sass: '*'
      stylus: '*'
    peerDependenciesMeta:
      less:
        optional: true
      sass:
        optional: true
      stylus:
        optional: true
    dependencies:
      esbuild: 0.14.43
      postcss: 8.4.13
      resolve: 1.22.0
      rollup: 2.75.6
    optionalDependencies:
      fsevents: 2.3.2
    dev: true

  /void-elements/3.1.0:
    resolution: {integrity: sha1-YU9/v42AHwu18GYfWy9XhXUOTwk=}
    engines: {node: '>=0.10.0'}
    dev: true

  /vscode-css-languageservice/5.4.2:
    resolution: {integrity: sha512-DT7+7vfdT2HDNjDoXWtYJ0lVDdeDEdbMNdK4PKqUl2MS8g7PWt7J5G9B6k9lYox8nOfhCEjLnoNC3UKHHCR1lg==}
    dependencies:
      vscode-languageserver-textdocument: 1.0.4
      vscode-languageserver-types: 3.16.0
      vscode-nls: 5.0.1
      vscode-uri: 3.0.3
    dev: true

  /vscode-html-languageservice/4.2.5:
    resolution: {integrity: sha512-dbr10KHabB9EaK8lI0XZW7SqOsTfrNyT3Nuj0GoPi4LjGKUmMiLtsqzfedIzRTzqY+w0FiLdh0/kQrnQ0tLxrw==}
    dependencies:
      vscode-languageserver-textdocument: 1.0.4
      vscode-languageserver-types: 3.16.0
      vscode-nls: 5.0.1
      vscode-uri: 3.0.3
    dev: true

  /vscode-json-languageservice/4.2.1:
    resolution: {integrity: sha512-xGmv9QIWs2H8obGbWg+sIPI/3/pFgj/5OWBhNzs00BkYQ9UaB2F6JJaGB/2/YOZJ3BvLXQTC4Q7muqU25QgAhA==}
    dependencies:
      jsonc-parser: 3.0.0
      vscode-languageserver-textdocument: 1.0.4
      vscode-languageserver-types: 3.16.0
      vscode-nls: 5.0.1
      vscode-uri: 3.0.3
    dev: true

  /vscode-jsonrpc/8.0.0-next.8:
    resolution: {integrity: sha512-2eh7v+rzttUG6wg21xnm3U4IaR/i8cU9vHI9ZntRXuBtCcyR3RrPBvl86Ffm91m/Cio45kmn/LskHK3BAKZILA==}
    engines: {node: '>=14.0.0'}
    dev: true

  /vscode-languageserver-protocol/3.17.0-next.20:
    resolution: {integrity: sha512-uQSgoKsxFH+74NRwoWGYWr/FwmtN0XGesh+jHqTGhmVsMco9I5Li8kAc5et6zA7yt1RQcUAW3Jqim7Uvb0Npfg==}
    dependencies:
      vscode-jsonrpc: 8.0.0-next.8
      vscode-languageserver-types: 3.17.0-next.12
    dev: true

  /vscode-languageserver-textdocument/1.0.4:
    resolution: {integrity: sha512-/xhqXP/2A2RSs+J8JNXpiiNVvvNM0oTosNVmQnunlKvq9o4mupHOBAnnzH0lwIPKazXKvAKsVp1kr+H/K4lgoQ==}
    dev: true

  /vscode-languageserver-types/3.16.0:
    resolution: {integrity: sha512-k8luDIWJWyenLc5ToFQQMaSrqCHiLwyKPHKPQZ5zz21vM+vIVUSvsRpcbiECH4WR88K2XZqc4ScRcZ7nk/jbeA==}
    dev: true

  /vscode-languageserver-types/3.17.0-next.12:
    resolution: {integrity: sha512-kaXEKkIrkd8UaQzkwUYSMgG6VVr8lplvng+/UKPb6rPYdOJ5a6JqNd87ohgIIWFE/tDWPiFM8TTGIQ2IJe02eg==}
    dev: true

  /vscode-languageserver/8.0.0-next.14:
    resolution: {integrity: sha512-8CjwnSuKuIs71E9dCtx8MBTCKmH7KvWZHgTf2KN9Pa03IshdNU3zcFs/yfifpDSWpE1EcLeWYCvZwir/1Jt5kA==}
    hasBin: true
    dependencies:
      vscode-languageserver-protocol: 3.17.0-next.20
    dev: true

  /vscode-nls/5.0.1:
    resolution: {integrity: sha512-hHQV6iig+M21lTdItKPkJAaWrxALQb/nqpVffakO4knJOh3DrU2SXOMzUzNgo1eADPzu3qSsJY1weCzvR52q9A==}
    dev: true

  /vscode-pug-languageservice/0.29.3:
    resolution: {integrity: sha512-efyCCibyRqyAYybT+FPS4CA+YCii4asx5UeNqbx0lMXKnkMuvnrfkbRlIXOWmR+qTJyveDZw4fYQf51VSuLaAg==}
    deprecated: 'WARNING: This project has been renamed to @volar/pug-language-service. Install using @volar/pug-language-service instead.'
    dependencies:
      '@volar/code-gen': 0.29.3
      '@volar/shared': 0.29.3
      '@volar/source-map': 0.29.3
      '@volar/transforms': 0.29.3
      pug-lexer: 5.0.1
      pug-parser: 6.0.0
      vscode-languageserver: 8.0.0-next.14
    dev: true

  /vscode-typescript-languageservice/0.29.3:
    resolution: {integrity: sha512-ZW6KawNc/3TH8cHzaHfNs5j8Wn97pwwEpuWm5rQTPz0fNcureSCl2J3hU6brayr7eD81A0BpdIDgknOSJJK0GA==}
    deprecated: 'WARNING: This project has been renamed to @volar/typescript-language-service. Install using @volar/typescript-language-service instead.'
    dependencies:
      '@volar/shared': 0.29.3
      semver: 7.3.7
      upath: 2.0.1
      vscode-languageserver: 8.0.0-next.14
      vscode-languageserver-textdocument: 1.0.4
    dev: true

  /vscode-uri/2.1.2:
    resolution: {integrity: sha512-8TEXQxlldWAuIODdukIb+TR5s+9Ds40eSJrw+1iDDA9IFORPjMELarNQE3myz5XIkWWpdprmJjm1/SxMlWOC8A==}
    dev: true

  /vscode-uri/3.0.3:
    resolution: {integrity: sha512-EcswR2S8bpR7fD0YPeS7r2xXExrScVMxg4MedACaWHEtx9ftCF/qHG1xGkolzTPcEmjTavCQgbVzHUIdTMzFGA==}
    dev: true

  /vscode-vue-languageservice/0.29.3:
    resolution: {integrity: sha512-DcFAhvejcEHHQl2XFl7foLtH+zHQzYdtjOJ/hROg3+z1W72UYyeRal5sRGatAsmHnOyGL+0AdCjjlHd8d6j0mg==}
    deprecated: 'WARNING: This project has been renamed to @volar/vue-language-service. Install using @volar/vue-language-service instead.'
    dependencies:
      '@volar/code-gen': 0.29.3
      '@volar/html2pug': 0.29.3
      '@volar/shared': 0.29.3
      '@volar/source-map': 0.29.3
      '@volar/transforms': 0.29.3
      '@volar/vue-code-gen': 0.29.3
      '@vscode/emmet-helper': 2.8.4
      '@vue/reactivity': 3.2.33
      '@vue/shared': 3.2.33
      request-light: 0.5.8
      upath: 2.0.1
      vscode-css-languageservice: 5.4.2
      vscode-html-languageservice: 4.2.5
      vscode-json-languageservice: 4.2.1
      vscode-languageserver: 8.0.0-next.14
      vscode-languageserver-textdocument: 1.0.4
      vscode-pug-languageservice: 0.29.3
      vscode-typescript-languageservice: 0.29.3
    dev: true

  /vue-router/4.0.13_vue@3.2.21:
    resolution: {integrity: sha512-LmXrC+BkDRLak+d5xTMgUYraT3Nj0H/vCbP+7usGvIl9Viqd1UP6AsP0i69pSbn9O0dXK/xCdp4yPw21HqV9Jw==}
    peerDependencies:
      vue: ^3.2.0
    dependencies:
      '@vue/devtools-api': 6.2.1
      vue: 3.2.21
    dev: true

  /vue-tsc/0.29.3_typescript@4.6.3:
    resolution: {integrity: sha512-tNe/IwBQFN3kk/Za0d9OeGdQfWCIXb7TvpJTZLn+bdt47aA5X+WtGVl3/WwNMokkO3cgHTFkpMaUcKZ+kGN2mg==}
    hasBin: true
    peerDependencies:
      typescript: '*'
    dependencies:
      '@volar/shared': 0.29.3
      typescript: 4.6.3
      vscode-vue-languageservice: 0.29.3
    dev: true

  /vue/3.2.21:
    resolution: {integrity: sha512-jpy7ckXdyclfRzqLjL4mtq81AkzQleE54KjZsJg/9OorNVurAxdlU5XpD49GpjKdnftuffKUvx2C5jDOrgc/zg==}
    dependencies:
      '@vue/compiler-dom': 3.2.21
      '@vue/compiler-sfc': 3.2.21
      '@vue/runtime-dom': 3.2.21
      '@vue/server-renderer': 3.2.21_vue@3.2.21
      '@vue/shared': 3.2.21
    dev: true

  /windicss/3.5.2:
    resolution: {integrity: sha512-Vy06iCcKXjR9izEViwIcwdaZHouzNWmjqWmVt3lyfZVNm6hWz6ME6s+6pIwrHMbylbal9hW3M9LRbN9mzFhccQ==}
    engines: {node: '>= 12'}
    hasBin: true
    dev: true

  /with/7.0.2:
    resolution: {integrity: sha512-RNGKj82nUPg3g5ygxkQl0R937xLyho1J24ItRCBTr/m1YnZkzJy1hUiHUJrc/VlsDQzsCnInEGSg3bci0Lmd4w==}
    engines: {node: '>= 10.0.0'}
    dependencies:
      '@babel/parser': 7.17.10
      '@babel/types': 7.17.10
      assert-never: 1.2.1
      babel-walk: 3.0.0-canary-5
    dev: true

  /yallist/4.0.0:
    resolution: {integrity: sha512-3wdGidZyq5PB084XLES5TpOSRA3wjXAlIWMhum2kRcv/41Sn2emQ0dycQW4uZXLejwKvg6EsvbdlVL+FYEct7A==}
    dev: true
