{
  "name": "@tg-ui/examples",
  "lockfileVersion": 2,
  "requires": true,
  "packages": {
    "": {
      "name": "@tg-ui/examples",
      "license": "ISC",
      "dependencies": {
        "jsencrypt": "^3.2.1"
      },
      "devDependencies": {
        "@types/lodash-es": "^4.17.10",
        "@vitejs/plugin-vue": "^2.3.0",
        "typescript": "^4.5.4",
        "vite": "2.8.3",
        "vite-plugin-windicss": "^1.8.4",
        "vue": "3.2.21",
        "vue-router": "^4.0.13",
        "vue-tsc": "0.29.3",
        "windicss": "^3.5.2"
      }
    },
    "../node_modules/.pnpm/@vitejs+plugin-vue@2.3.3_vite@2.8.3+vue@3.2.21/node_modules/@vitejs/plugin-vue": {
      "version": "2.3.3",
      "dev": true,
      "license": "MIT",
      "devDependencies": {
        "@rollup/pluginutils": "^4.2.1",
        "@types/hash-sum": "^1.0.0",
        "debug": "^4.3.4",
        "hash-sum": "^2.0.0",
        "rollup": "^2.59.0",
        "slash": "^4.0.0",
        "source-map": "^0.6.1",
        "vue": "^3.2.33"
      },
      "engines": {
        "node": ">=12.0.0"
      },
      "peerDependencies": {
        "vite": "^2.5.10",
        "vue": "^3.2.25"
      }
    },
    "../node_modules/.pnpm/jsencrypt@3.3.2/node_modules/jsencrypt": {
      "version": "3.3.2",
      "license": "MIT",
      "devDependencies": {
        "@babel/core": "^7.20.12",
        "@babel/preset-env": "^7.20.2",
        "@babel/preset-typescript": "^7.18.6",
        "@babel/register": "^7.18.9",
        "@types/expect": "^24.3.0",
        "@types/mocha": "^10.0.0",
        "@types/node": "^18.11.4",
        "chai": "^4.3.6",
        "dirty-chai": "^2.0.1",
        "fs-jetpack": "^5.1.0",
        "mocha": "^10.0.0",
        "process": "^0.11.10",
        "ts-mocha": "^10.0.0",
        "ts-node": "^10.9.1",
        "typescript": "^4.2.4",
        "url": "^0.11.0",
        "webpack": "^5.35.1",
        "webpack-cli": "^4.6.0"
      }
    },
    "../node_modules/.pnpm/typescript@4.7.4/node_modules/typescript": {
      "version": "4.7.4",
      "dev": true,
      "license": "Apache-2.0",
      "bin": {
        "tsc": "bin/tsc",
        "tsserver": "bin/tsserver"
      },
      "devDependencies": {
        "@octokit/rest": "latest",
        "@types/chai": "latest",
        "@types/convert-source-map": "latest",
        "@types/glob": "latest",
        "@types/gulp": "^4.0.9",
        "@types/gulp-concat": "latest",
        "@types/gulp-newer": "latest",
        "@types/gulp-rename": "0.0.33",
        "@types/gulp-sourcemaps": "0.0.32",
        "@types/merge2": "latest",
        "@types/microsoft__typescript-etw": "latest",
        "@types/minimatch": "latest",
        "@types/minimist": "latest",
        "@types/mkdirp": "latest",
        "@types/mocha": "latest",
        "@types/ms": "latest",
        "@types/node": "latest",
        "@types/node-fetch": "^2.3.4",
        "@types/q": "latest",
        "@types/source-map-support": "latest",
        "@types/xml2js": "^0.4.0",
        "@typescript-eslint/eslint-plugin": "^4.28.0",
        "@typescript-eslint/experimental-utils": "^4.28.0",
        "@typescript-eslint/parser": "^4.28.0",
        "async": "latest",
        "azure-devops-node-api": "^11.0.1",
        "chai": "latest",
        "chalk": "^4.1.2",
        "convert-source-map": "latest",
        "del": "5.1.0",
        "diff": "^4.0.2",
        "eslint": "7.12.1",
        "eslint-formatter-autolinkable-stylish": "1.1.4",
        "eslint-plugin-import": "2.22.1",
        "eslint-plugin-jsdoc": "30.7.6",
        "eslint-plugin-no-null": "1.0.2",
        "fancy-log": "latest",
        "fs-extra": "^9.0.0",
        "glob": "latest",
        "gulp": "^4.0.0",
        "gulp-concat": "latest",
        "gulp-insert": "latest",
        "gulp-newer": "latest",
        "gulp-rename": "latest",
        "gulp-sourcemaps": "latest",
        "merge2": "latest",
        "minimist": "latest",
        "mkdirp": "latest",
        "mocha": "latest",
        "mocha-fivemat-progress-reporter": "latest",
        "ms": "^2.1.3",
        "node-fetch": "^2.6.1",
        "prex": "^0.4.3",
        "q": "latest",
        "source-map-support": "latest",
        "typescript": "^4.5.5",
        "vinyl": "latest",
        "vinyl-sourcemaps-apply": "latest",
        "xml2js": "^0.4.19"
      },
      "engines": {
        "node": ">=4.2.0"
      }
    },
    "../node_modules/.pnpm/vite-plugin-windicss@1.8.7_vite@2.8.3/node_modules/vite-plugin-windicss": {
      "version": "1.8.7",
      "dev": true,
      "license": "MIT",
      "dependencies": {
        "@windicss/plugin-utils": "1.8.7",
        "debug": "^4.3.4",
        "kolorist": "^1.5.1",
        "windicss": "^3.5.6"
      },
      "devDependencies": {
        "vite": "^2.9.12"
      },
      "funding": {
        "url": "https://github.com/sponsors/antfu"
      },
      "peerDependencies": {
        "vite": "^2.0.1 || ^3.0.0"
      }
    },
    "../node_modules/.pnpm/vite@2.8.3/node_modules/vite": {
      "version": "2.8.3",
      "dev": true,
      "license": "MIT",
      "dependencies": {
        "esbuild": "^0.14.14",
        "postcss": "^8.4.6",
        "resolve": "^1.22.0",
        "rollup": "^2.59.0"
      },
      "bin": {
        "vite": "bin/vite.js"
      },
      "devDependencies": {
        "@ampproject/remapping": "^2.1.0",
        "@babel/parser": "^7.17.0",
        "@babel/types": "^7.17.0",
        "@rollup/plugin-alias": "^3.1.9",
        "@rollup/plugin-commonjs": "^21.0.1",
        "@rollup/plugin-dynamic-import-vars": "^1.4.2",
        "@rollup/plugin-json": "^4.1.0",
        "@rollup/plugin-node-resolve": "13.1.3",
        "@rollup/plugin-typescript": "^8.3.0",
        "@rollup/pluginutils": "^4.1.2",
        "@types/convert-source-map": "^1.5.2",
        "@types/cross-spawn": "^6.0.2",
        "@types/debug": "^4.1.7",
        "@types/estree": "^0.0.51",
        "@types/etag": "^1.8.1",
        "@types/less": "^3.0.3",
        "@types/micromatch": "^4.0.2",
        "@types/mime": "^2.0.3",
        "@types/node": "^16.11.22",
        "@types/resolve": "^1.20.1",
        "@types/sass": "~1.43.1",
        "@types/stylus": "^0.48.36",
        "@types/ws": "^8.2.2",
        "@vue/compiler-dom": "^3.2.30",
        "acorn": "^8.7.0",
        "cac": "6.7.9",
        "chokidar": "^3.5.3",
        "compression": "^1.7.4",
        "connect": "^3.7.0",
        "connect-history-api-fallback": "^1.6.0",
        "convert-source-map": "^1.8.0",
        "cors": "^2.8.5",
        "cross-spawn": "^7.0.3",
        "debug": "^4.3.3",
        "dotenv": "^14.3.2",
        "dotenv-expand": "^5.1.0",
        "es-module-lexer": "^0.9.3",
        "estree-walker": "^2.0.2",
        "etag": "^1.8.1",
        "fast-glob": "^3.2.11",
        "http-proxy": "^1.18.1",
        "json5": "^2.2.0",
        "launch-editor-middleware": "^2.3.0",
        "magic-string": "^0.25.7",
        "micromatch": "^4.0.4",
        "mrmime": "^1.0.0",
        "node-forge": "^1.2.1",
        "okie": "^1.0.1",
        "open": "^8.4.0",
        "periscopic": "^2.0.3",
        "picocolors": "^1.0.0",
        "postcss-import": "^14.0.2",
        "postcss-load-config": "^3.1.1",
        "postcss-modules": "^4.3.0",
        "resolve.exports": "^1.1.0",
        "rollup-plugin-license": "^2.6.1",
        "sirv": "^2.0.2",
        "source-map-js": "^1.0.2",
        "source-map-support": "^0.5.21",
        "strip-ansi": "^6.0.1",
        "terser": "^5.10.0",
        "tsconfck": "1.1.2",
        "tslib": "^2.3.1",
        "types": "link:./types",
        "ws": "^8.5.0"
      },
      "engines": {
        "node": ">=12.2.0"
      },
      "optionalDependencies": {
        "fsevents": "~2.3.2"
      },
      "peerDependencies": {
        "less": "*",
        "sass": "*",
        "stylus": "*"
      },
      "peerDependenciesMeta": {
        "less": {
          "optional": true
        },
        "sass": {
          "optional": true
        },
        "stylus": {
          "optional": true
        }
      }
    },
    "../node_modules/.pnpm/vue-router@4.1.3_vue@3.2.21/node_modules/vue-router": {
      "version": "4.1.3",
      "dev": true,
      "license": "MIT",
      "dependencies": {
        "@vue/devtools-api": "^6.1.4"
      },
      "devDependencies": {
        "@microsoft/api-extractor": "^7.28.4",
        "@rollup/plugin-alias": "^3.1.4",
        "@rollup/plugin-commonjs": "^22.0.1",
        "@rollup/plugin-node-resolve": "^13.0.5",
        "@rollup/plugin-replace": "^4.0.0",
        "@sucrase/jest-plugin": "^2.1.1",
        "@types/jest": "^27.4.1",
        "@types/jsdom": "^16.2.13",
        "@types/nightwatch": "^2.0.9",
        "@vitejs/plugin-vue": "^2.3.3",
        "@vue/compiler-sfc": "^3.2.31",
        "@vue/server-renderer": "^3.2.37",
        "@vue/test-utils": "^2.0.2",
        "browserstack-local": "^1.4.5",
        "chromedriver": "^102.0.0",
        "connect-history-api-fallback": "^1.6.0",
        "conventional-changelog-cli": "^2.1.1",
        "dotenv": "^16.0.0",
        "faked-promise": "^2.2.2",
        "geckodriver": "^3.0.2",
        "jest": "^27.5.1",
        "jest-mock-warn": "^1.1.0",
        "nightwatch": "^2.2.3",
        "nightwatch-helpers": "^1.2.0",
        "rimraf": "^3.0.2",
        "rollup": "^2.77.0",
        "rollup-plugin-analyzer": "^4.0.0",
        "rollup-plugin-terser": "^7.0.2",
        "rollup-plugin-typescript2": "^0.32.1",
        "typescript": "~4.7.4",
        "vite": "^2.9.9",
        "vue": "^3.2.37"
      },
      "funding": {
        "url": "https://github.com/sponsors/posva"
      },
      "peerDependencies": {
        "vue": "^3.2.0"
      }
    },
    "../node_modules/.pnpm/vue-tsc@0.29.3_typescript@4.7.4/node_modules/vue-tsc": {
      "version": "0.29.3",
      "dev": true,
      "license": "MIT",
      "dependencies": {
        "@volar/shared": "0.29.3",
        "vscode-vue-languageservice": "0.29.3"
      },
      "bin": {
        "vue-tsc": "bin/vue-tsc.js"
      },
      "peerDependencies": {
        "typescript": "*"
      }
    },
    "../node_modules/.pnpm/vue@3.2.21/node_modules/vue": {
      "version": "3.2.21",
      "dev": true,
      "license": "MIT",
      "dependencies": {
        "@vue/compiler-dom": "3.2.21",
        "@vue/compiler-sfc": "3.2.21",
        "@vue/runtime-dom": "3.2.21",
        "@vue/server-renderer": "3.2.21",
        "@vue/shared": "3.2.21"
      }
    },
    "../node_modules/.pnpm/windicss@3.5.6/node_modules/windicss": {
      "version": "3.5.6",
      "dev": true,
      "license": "MIT",
      "bin": {
        "windicss": "cli/index.js"
      },
      "devDependencies": {
        "@rollup/plugin-commonjs": "^21.0.1",
        "@rollup/plugin-json": "^4.1.0",
        "@rollup/plugin-node-resolve": "^13.1.1",
        "@rollup/plugin-replace": "^3.0.0",
        "@rollup/plugin-sucrase": "^4.0.1",
        "@rollup/plugin-typescript": "^8.3.0",
        "@types/color-string": "^1.5.2",
        "@types/diff": "^5.0.1",
        "@types/fs-extra": "^9.0.13",
        "@types/jasmine": "^3.10.2",
        "@types/js-yaml": "^4.0.5",
        "@types/lodash.merge": "^4.6.6",
        "@types/minimatch": "^3.0.5",
        "@types/node": "^17.0.0",
        "@types/react": "^17.0.37",
        "@typescript-eslint/eslint-plugin": "^5.7.0",
        "@typescript-eslint/parser": "^5.7.0",
        "arg": "^5.0.1",
        "bumpp": "^7.1.1",
        "caller-path": "^3.0.0",
        "color-string": "^1.9.0",
        "cross-env": "^7.0.3",
        "diff": "^5.0.0",
        "domhandler": "^4.3.0",
        "eslint": "^8.4.1",
        "fast-glob": "^3.2.7",
        "fs-extra": "^10.0.0",
        "jasmine": "^3.10.0",
        "jasmine-spec-reporter": "^7.0.0",
        "js-yaml": "^4.1.0",
        "mini-svg-data-uri": "^1.4.3",
        "minimatch": "^3.0.4",
        "nyc": "^15.1.0",
        "picocolors": "^1.0.0",
        "pirates": "^4.0.4",
        "rollup": "^2.61.1",
        "sucrase": "^3.20.3",
        "tosource": "^2.0.0-alpha.3",
        "tslib": "^2.3.1",
        "typescript": "^4.5.4"
      },
      "engines": {
        "node": ">= 12"
      }
    },
    "node_modules/@types/lodash": {
      "version": "4.14.200",
      "resolved": "https://registry.npmjs.org/@types/lodash/-/lodash-4.14.200.tgz",
      "integrity": "sha512-YI/M/4HRImtNf3pJgbF+W6FrXovqj+T+/HpENLTooK9PnkacBsDpeP3IpHab40CClUfhNmdM2WTNP2sa2dni5Q==",
      "dev": true
    },
    "node_modules/@types/lodash-es": {
      "version": "4.17.10",
      "resolved": "https://registry.npmjs.org/@types/lodash-es/-/lodash-es-4.17.10.tgz",
      "integrity": "sha512-YJP+w/2khSBwbUSFdGsSqmDvmnN3cCKoPOL7Zjle6s30ZtemkkqhjVfFqGwPN7ASil5VyjE2GtyU/yqYY6mC0A==",
      "dev": true,
      "dependencies": {
        "@types/lodash": "*"
      }
    },
    "node_modules/@vitejs/plugin-vue": {
      "resolved": "../node_modules/.pnpm/@vitejs+plugin-vue@2.3.3_vite@2.8.3+vue@3.2.21/node_modules/@vitejs/plugin-vue",
      "link": true
    },
    "node_modules/jsencrypt": {
      "resolved": "../node_modules/.pnpm/jsencrypt@3.3.2/node_modules/jsencrypt",
      "link": true
    },
    "node_modules/typescript": {
      "resolved": "../node_modules/.pnpm/typescript@4.7.4/node_modules/typescript",
      "link": true
    },
    "node_modules/vite": {
      "resolved": "../node_modules/.pnpm/vite@2.8.3/node_modules/vite",
      "link": true
    },
    "node_modules/vite-plugin-windicss": {
      "resolved": "../node_modules/.pnpm/vite-plugin-windicss@1.8.7_vite@2.8.3/node_modules/vite-plugin-windicss",
      "link": true
    },
    "node_modules/vue": {
      "resolved": "../node_modules/.pnpm/vue@3.2.21/node_modules/vue",
      "link": true
    },
    "node_modules/vue-router": {
      "resolved": "../node_modules/.pnpm/vue-router@4.1.3_vue@3.2.21/node_modules/vue-router",
      "link": true
    },
    "node_modules/vue-tsc": {
      "resolved": "../node_modules/.pnpm/vue-tsc@0.29.3_typescript@4.7.4/node_modules/vue-tsc",
      "link": true
    },
    "node_modules/windicss": {
      "resolved": "../node_modules/.pnpm/windicss@3.5.6/node_modules/windicss",
      "link": true
    }
  },
  "dependencies": {
    "@types/lodash": {
      "version": "4.14.200",
      "resolved": "https://registry.npmjs.org/@types/lodash/-/lodash-4.14.200.tgz",
      "integrity": "sha512-YI/M/4HRImtNf3pJgbF+W6FrXovqj+T+/HpENLTooK9PnkacBsDpeP3IpHab40CClUfhNmdM2WTNP2sa2dni5Q==",
      "dev": true
    },
    "@types/lodash-es": {
      "version": "4.17.10",
      "resolved": "https://registry.npmjs.org/@types/lodash-es/-/lodash-es-4.17.10.tgz",
      "integrity": "sha512-YJP+w/2khSBwbUSFdGsSqmDvmnN3cCKoPOL7Zjle6s30ZtemkkqhjVfFqGwPN7ASil5VyjE2GtyU/yqYY6mC0A==",
      "dev": true,
      "requires": {
        "@types/lodash": "*"
      }
    },
    "@vitejs/plugin-vue": {
      "version": "file:../node_modules/.pnpm/@vitejs+plugin-vue@2.3.3_vite@2.8.3+vue@3.2.21/node_modules/@vitejs/plugin-vue",
      "requires": {
        "@rollup/pluginutils": "^4.2.1",
        "@types/hash-sum": "^1.0.0",
        "debug": "^4.3.4",
        "hash-sum": "^2.0.0",
        "rollup": "^2.59.0",
        "slash": "^4.0.0",
        "source-map": "^0.6.1",
        "vue": "^3.2.33"
      }
    },
    "jsencrypt": {
      "version": "file:../node_modules/.pnpm/jsencrypt@3.3.2/node_modules/jsencrypt",
      "requires": {
        "@babel/core": "^7.20.12",
        "@babel/preset-env": "^7.20.2",
        "@babel/preset-typescript": "^7.18.6",
        "@babel/register": "^7.18.9",
        "@types/expect": "^24.3.0",
        "@types/mocha": "^10.0.0",
        "@types/node": "^18.11.4",
        "chai": "^4.3.6",
        "dirty-chai": "^2.0.1",
        "fs-jetpack": "^5.1.0",
        "mocha": "^10.0.0",
        "process": "^0.11.10",
        "ts-mocha": "^10.0.0",
        "ts-node": "^10.9.1",
        "typescript": "^4.2.4",
        "url": "^0.11.0",
        "webpack": "^5.35.1",
        "webpack-cli": "^4.6.0"
      }
    },
    "typescript": {
      "version": "file:../node_modules/.pnpm/typescript@4.7.4/node_modules/typescript",
      "requires": {
        "@octokit/rest": "latest",
        "@types/chai": "latest",
        "@types/convert-source-map": "latest",
        "@types/glob": "latest",
        "@types/gulp": "^4.0.9",
        "@types/gulp-concat": "latest",
        "@types/gulp-newer": "latest",
        "@types/gulp-rename": "0.0.33",
        "@types/gulp-sourcemaps": "0.0.32",
        "@types/merge2": "latest",
        "@types/microsoft__typescript-etw": "latest",
        "@types/minimatch": "latest",
        "@types/minimist": "latest",
        "@types/mkdirp": "latest",
        "@types/mocha": "latest",
        "@types/ms": "latest",
        "@types/node": "latest",
        "@types/node-fetch": "^2.3.4",
        "@types/q": "latest",
        "@types/source-map-support": "latest",
        "@types/xml2js": "^0.4.0",
        "@typescript-eslint/eslint-plugin": "^4.28.0",
        "@typescript-eslint/experimental-utils": "^4.28.0",
        "@typescript-eslint/parser": "^4.28.0",
        "async": "latest",
        "azure-devops-node-api": "^11.0.1",
        "chai": "latest",
        "chalk": "^4.1.2",
        "convert-source-map": "latest",
        "del": "5.1.0",
        "diff": "^4.0.2",
        "eslint": "7.12.1",
        "eslint-formatter-autolinkable-stylish": "1.1.4",
        "eslint-plugin-import": "2.22.1",
        "eslint-plugin-jsdoc": "30.7.6",
        "eslint-plugin-no-null": "1.0.2",
        "fancy-log": "latest",
        "fs-extra": "^9.0.0",
        "glob": "latest",
        "gulp": "^4.0.0",
        "gulp-concat": "latest",
        "gulp-insert": "latest",
        "gulp-newer": "latest",
        "gulp-rename": "latest",
        "gulp-sourcemaps": "latest",
        "merge2": "latest",
        "minimist": "latest",
        "mkdirp": "latest",
        "mocha": "latest",
        "mocha-fivemat-progress-reporter": "latest",
        "ms": "^2.1.3",
        "node-fetch": "^2.6.1",
        "prex": "^0.4.3",
        "q": "latest",
        "source-map-support": "latest",
        "typescript": "^4.5.5",
        "vinyl": "latest",
        "vinyl-sourcemaps-apply": "latest",
        "xml2js": "^0.4.19"
      }
    },
    "vite": {
      "version": "file:../node_modules/.pnpm/vite@2.8.3/node_modules/vite",
      "requires": {
        "@ampproject/remapping": "^2.1.0",
        "@babel/parser": "^7.17.0",
        "@babel/types": "^7.17.0",
        "@rollup/plugin-alias": "^3.1.9",
        "@rollup/plugin-commonjs": "^21.0.1",
        "@rollup/plugin-dynamic-import-vars": "^1.4.2",
        "@rollup/plugin-json": "^4.1.0",
        "@rollup/plugin-node-resolve": "13.1.3",
        "@rollup/plugin-typescript": "^8.3.0",
        "@rollup/pluginutils": "^4.1.2",
        "@types/convert-source-map": "^1.5.2",
        "@types/cross-spawn": "^6.0.2",
        "@types/debug": "^4.1.7",
        "@types/estree": "^0.0.51",
        "@types/etag": "^1.8.1",
        "@types/less": "^3.0.3",
        "@types/micromatch": "^4.0.2",
        "@types/mime": "^2.0.3",
        "@types/node": "^16.11.22",
        "@types/resolve": "^1.20.1",
        "@types/sass": "~1.43.1",
        "@types/stylus": "^0.48.36",
        "@types/ws": "^8.2.2",
        "@vue/compiler-dom": "^3.2.30",
        "acorn": "^8.7.0",
        "cac": "6.7.9",
        "chokidar": "^3.5.3",
        "compression": "^1.7.4",
        "connect": "^3.7.0",
        "connect-history-api-fallback": "^1.6.0",
        "convert-source-map": "^1.8.0",
        "cors": "^2.8.5",
        "cross-spawn": "^7.0.3",
        "debug": "^4.3.3",
        "dotenv": "^14.3.2",
        "dotenv-expand": "^5.1.0",
        "es-module-lexer": "^0.9.3",
        "esbuild": "^0.14.14",
        "estree-walker": "^2.0.2",
        "etag": "^1.8.1",
        "fast-glob": "^3.2.11",
        "fsevents": "~2.3.2",
        "http-proxy": "^1.18.1",
        "json5": "^2.2.0",
        "launch-editor-middleware": "^2.3.0",
        "magic-string": "^0.25.7",
        "micromatch": "^4.0.4",
        "mrmime": "^1.0.0",
        "node-forge": "^1.2.1",
        "okie": "^1.0.1",
        "open": "^8.4.0",
        "periscopic": "^2.0.3",
        "picocolors": "^1.0.0",
        "postcss": "^8.4.6",
        "postcss-import": "^14.0.2",
        "postcss-load-config": "^3.1.1",
        "postcss-modules": "^4.3.0",
        "resolve": "^1.22.0",
        "resolve.exports": "^1.1.0",
        "rollup": "^2.59.0",
        "rollup-plugin-license": "^2.6.1",
        "sirv": "^2.0.2",
        "source-map-js": "^1.0.2",
        "source-map-support": "^0.5.21",
        "strip-ansi": "^6.0.1",
        "terser": "^5.10.0",
        "tsconfck": "1.1.2",
        "tslib": "^2.3.1",
        "types": "link:./types",
        "ws": "^8.5.0"
      }
    },
    "vite-plugin-windicss": {
      "version": "file:../node_modules/.pnpm/vite-plugin-windicss@1.8.7_vite@2.8.3/node_modules/vite-plugin-windicss",
      "requires": {
        "@windicss/plugin-utils": "1.8.7",
        "debug": "^4.3.4",
        "kolorist": "^1.5.1",
        "vite": "^2.9.12",
        "windicss": "^3.5.6"
      }
    },
    "vue": {
      "version": "file:../node_modules/.pnpm/vue@3.2.21/node_modules/vue",
      "requires": {
        "@vue/compiler-dom": "3.2.21",
        "@vue/compiler-sfc": "3.2.21",
        "@vue/runtime-dom": "3.2.21",
        "@vue/server-renderer": "3.2.21",
        "@vue/shared": "3.2.21"
      }
    },
    "vue-router": {
      "version": "file:../node_modules/.pnpm/vue-router@4.1.3_vue@3.2.21/node_modules/vue-router",
      "requires": {
        "@microsoft/api-extractor": "^7.28.4",
        "@rollup/plugin-alias": "^3.1.4",
        "@rollup/plugin-commonjs": "^22.0.1",
        "@rollup/plugin-node-resolve": "^13.0.5",
        "@rollup/plugin-replace": "^4.0.0",
        "@sucrase/jest-plugin": "^2.1.1",
        "@types/jest": "^27.4.1",
        "@types/jsdom": "^16.2.13",
        "@types/nightwatch": "^2.0.9",
        "@vitejs/plugin-vue": "^2.3.3",
        "@vue/compiler-sfc": "^3.2.31",
        "@vue/devtools-api": "^6.1.4",
        "@vue/server-renderer": "^3.2.37",
        "@vue/test-utils": "^2.0.2",
        "browserstack-local": "^1.4.5",
        "chromedriver": "^102.0.0",
        "connect-history-api-fallback": "^1.6.0",
        "conventional-changelog-cli": "^2.1.1",
        "dotenv": "^16.0.0",
        "faked-promise": "^2.2.2",
        "geckodriver": "^3.0.2",
        "jest": "^27.5.1",
        "jest-mock-warn": "^1.1.0",
        "nightwatch": "^2.2.3",
        "nightwatch-helpers": "^1.2.0",
        "rimraf": "^3.0.2",
        "rollup": "^2.77.0",
        "rollup-plugin-analyzer": "^4.0.0",
        "rollup-plugin-terser": "^7.0.2",
        "rollup-plugin-typescript2": "^0.32.1",
        "typescript": "~4.7.4",
        "vite": "^2.9.9",
        "vue": "^3.2.37"
      }
    },
    "vue-tsc": {
      "version": "file:../node_modules/.pnpm/vue-tsc@0.29.3_typescript@4.7.4/node_modules/vue-tsc",
      "requires": {
        "@volar/shared": "0.29.3",
        "vscode-vue-languageservice": "0.29.3"
      }
    },
    "windicss": {
      "version": "file:../node_modules/.pnpm/windicss@3.5.6/node_modules/windicss",
      "requires": {
        "@rollup/plugin-commonjs": "^21.0.1",
        "@rollup/plugin-json": "^4.1.0",
        "@rollup/plugin-node-resolve": "^13.1.1",
        "@rollup/plugin-replace": "^3.0.0",
        "@rollup/plugin-sucrase": "^4.0.1",
        "@rollup/plugin-typescript": "^8.3.0",
        "@types/color-string": "^1.5.2",
        "@types/diff": "^5.0.1",
        "@types/fs-extra": "^9.0.13",
        "@types/jasmine": "^3.10.2",
        "@types/js-yaml": "^4.0.5",
        "@types/lodash.merge": "^4.6.6",
        "@types/minimatch": "^3.0.5",
        "@types/node": "^17.0.0",
        "@types/react": "^17.0.37",
        "@typescript-eslint/eslint-plugin": "^5.7.0",
        "@typescript-eslint/parser": "^5.7.0",
        "arg": "^5.0.1",
        "bumpp": "^7.1.1",
        "caller-path": "^3.0.0",
        "color-string": "^1.9.0",
        "cross-env": "^7.0.3",
        "diff": "^5.0.0",
        "domhandler": "^4.3.0",
        "eslint": "^8.4.1",
        "fast-glob": "^3.2.7",
        "fs-extra": "^10.0.0",
        "jasmine": "^3.10.0",
        "jasmine-spec-reporter": "^7.0.0",
        "js-yaml": "^4.1.0",
        "mini-svg-data-uri": "^1.4.3",
        "minimatch": "^3.0.4",
        "nyc": "^15.1.0",
        "picocolors": "^1.0.0",
        "pirates": "^4.0.4",
        "rollup": "^2.61.1",
        "sucrase": "^3.20.3",
        "tosource": "^2.0.0-alpha.3",
        "tslib": "^2.3.1",
        "typescript": "^4.5.4"
      }
    }
  }
}
